// !$*UTF8*$!
{
	archiveVersion = 1;
	classes = {
	};
	objectVersion = 77;
	objects = {

/* Begin PBXBuildFile section */
		540CACDD2CDA1A0D00287219 /* FirebaseAnalytics in Frameworks */ = {isa = PBXBuildFile; productRef = 540CACDC2CDA1A0D00287219 /* FirebaseAnalytics */; };
		540CACDF2CDA1A0D00287219 /* FirebaseAnalyticsOnDeviceConversion in Frameworks */ = {isa = PBXBuildFile; productRef = 540CACDE2CDA1A0D00287219 /* FirebaseAnalyticsOnDeviceConversion */; };
		540CACE12CDA1A0D00287219 /* FirebaseAnalyticsWithoutAdIdSupport in Frameworks */ = {isa = PBXBuildFile; productRef = 540CACE02CDA1A0D00287219 /* FirebaseAnalyticsWithoutAdIdSupport */; };
		540CACE32CDA1A0D00287219 /* FirebaseAppCheck in Frameworks */ = {isa = PBXBuildFile; productRef = 540CACE22CDA1A0D00287219 /* FirebaseAppCheck */; };
		540CACE52CDA1A0D00287219 /* FirebaseAppDistribution-Beta in Frameworks */ = {isa = PBXBuildFile; productRef = 540CACE42CDA1A0D00287219 /* FirebaseAppDistribution-Beta */; };
		540CACE72CDA1A0D00287219 /* FirebaseAuth in Frameworks */ = {isa = PBXBuildFile; productRef = 540CACE62CDA1A0D00287219 /* FirebaseAuth */; };
		540CACE92CDA1A0D00287219 /* FirebaseAuthCombine-Community in Frameworks */ = {isa = PBXBuildFile; productRef = 540CACE82CDA1A0D00287219 /* FirebaseAuthCombine-Community */; };
		540CACEB2CDA1A0D00287219 /* FirebaseCore in Frameworks */ = {isa = PBXBuildFile; productRef = 540CACEA2CDA1A0D00287219 /* FirebaseCore */; };
		540CACED2CDA1A0D00287219 /* FirebaseCrashlytics in Frameworks */ = {isa = PBXBuildFile; productRef = 540CACEC2CDA1A0D00287219 /* FirebaseCrashlytics */; };
		540CACEF2CDA1A0D00287219 /* FirebaseDatabase in Frameworks */ = {isa = PBXBuildFile; productRef = 540CACEE2CDA1A0D00287219 /* FirebaseDatabase */; };
		540CACF12CDA1A0D00287219 /* FirebaseDynamicLinks in Frameworks */ = {isa = PBXBuildFile; productRef = 540CACF02CDA1A0D00287219 /* FirebaseDynamicLinks */; };
		540CACF32CDA1A0D00287219 /* FirebaseFirestore in Frameworks */ = {isa = PBXBuildFile; productRef = 540CACF22CDA1A0D00287219 /* FirebaseFirestore */; };
		540CACF52CDA1A0D00287219 /* FirebaseFirestoreCombine-Community in Frameworks */ = {isa = PBXBuildFile; productRef = 540CACF42CDA1A0D00287219 /* FirebaseFirestoreCombine-Community */; };
		540CACF72CDA1A0D00287219 /* FirebaseFunctions in Frameworks */ = {isa = PBXBuildFile; productRef = 540CACF62CDA1A0D00287219 /* FirebaseFunctions */; };
		540CACF92CDA1A0D00287219 /* FirebaseFunctionsCombine-Community in Frameworks */ = {isa = PBXBuildFile; productRef = 540CACF82CDA1A0D00287219 /* FirebaseFunctionsCombine-Community */; };
		540CACFB2CDA1A0D00287219 /* FirebaseInAppMessaging-Beta in Frameworks */ = {isa = PBXBuildFile; productRef = 540CACFA2CDA1A0D00287219 /* FirebaseInAppMessaging-Beta */; };
		540CACFD2CDA1A0D00287219 /* FirebaseInstallations in Frameworks */ = {isa = PBXBuildFile; productRef = 540CACFC2CDA1A0D00287219 /* FirebaseInstallations */; };
		540CACFF2CDA1A0D00287219 /* FirebaseMLModelDownloader in Frameworks */ = {isa = PBXBuildFile; productRef = 540CACFE2CDA1A0D00287219 /* FirebaseMLModelDownloader */; };
		540CAD012CDA1A0D00287219 /* FirebaseMessaging in Frameworks */ = {isa = PBXBuildFile; productRef = 540CAD002CDA1A0D00287219 /* FirebaseMessaging */; };
		540CAD032CDA1A0D00287219 /* FirebasePerformance in Frameworks */ = {isa = PBXBuildFile; productRef = 540CAD022CDA1A0D00287219 /* FirebasePerformance */; };
		540CAD052CDA1A0D00287219 /* FirebaseRemoteConfig in Frameworks */ = {isa = PBXBuildFile; productRef = 540CAD042CDA1A0D00287219 /* FirebaseRemoteConfig */; };
		540CAD072CDA1A0D00287219 /* FirebaseStorage in Frameworks */ = {isa = PBXBuildFile; productRef = 540CAD062CDA1A0D00287219 /* FirebaseStorage */; };
		540CAD092CDA1A0D00287219 /* FirebaseStorageCombine-Community in Frameworks */ = {isa = PBXBuildFile; productRef = 540CAD082CDA1A0D00287219 /* FirebaseStorageCombine-Community */; };
		540CAD0B2CDA1A0D00287219 /* FirebaseVertexAI in Frameworks */ = {isa = PBXBuildFile; productRef = 540CAD0A2CDA1A0D00287219 /* FirebaseVertexAI */; };
/* End PBXBuildFile section */

/* Begin PBXFileReference section */
		549CEAA62CD8D14E00854A88 /* IncomeExpenseTracker.app */ = {isa = PBXFileReference; explicitFileType = wrapper.application; includeInIndex = 0; path = IncomeExpenseTracker.app; sourceTree = BUILT_PRODUCTS_DIR; };
/* End PBXFileReference section */

/* Begin PBXFileSystemSynchronizedBuildFileExceptionSet section */
		549CEABB2CD8D14F00854A88 /* Exceptions for "IncomeExpenseTracker" folder in "IncomeExpenseTracker" target */ = {
			isa = PBXFileSystemSynchronizedBuildFileExceptionSet;
			membershipExceptions = (
				Info.plist,
			);
			target = 549CEAA52CD8D14E00854A88 /* IncomeExpenseTracker */;
		};
/* End PBXFileSystemSynchronizedBuildFileExceptionSet section */

/* Begin PBXFileSystemSynchronizedRootGroup section */
		549CEAA82CD8D14E00854A88 /* IncomeExpenseTracker */ = {
			isa = PBXFileSystemSynchronizedRootGroup;
			exceptions = (
				549CEABB2CD8D14F00854A88 /* Exceptions for "IncomeExpenseTracker" folder in "IncomeExpenseTracker" target */,
			);
			path = IncomeExpenseTracker;
			sourceTree = "<group>";
		};
/* End PBXFileSystemSynchronizedRootGroup section */

/* Begin PBXFrameworksBuildPhase section */
		549CEAA32CD8D14E00854A88 /* Frameworks */ = {
			isa = PBXFrameworksBuildPhase;
			buildActionMask = 2147483647;
			files = (
				540CACF52CDA1A0D00287219 /* FirebaseFirestoreCombine-Community in Frameworks */,
				540CAD0B2CDA1A0D00287219 /* FirebaseVertexAI in Frameworks */,
				540CACF72CDA1A0D00287219 /* FirebaseFunctions in Frameworks */,
				540CAD032CDA1A0D00287219 /* FirebasePerformance in Frameworks */,
				540CAD092CDA1A0D00287219 /* FirebaseStorageCombine-Community in Frameworks */,
				540CAD052CDA1A0D00287219 /* FirebaseRemoteConfig in Frameworks */,
				540CACEF2CDA1A0D00287219 /* FirebaseDatabase in Frameworks */,
				540CACF12CDA1A0D00287219 /* FirebaseDynamicLinks in Frameworks */,
				540CACE32CDA1A0D00287219 /* FirebaseAppCheck in Frameworks */,
				540CACE72CDA1A0D00287219 /* FirebaseAuth in Frameworks */,
				540CACDD2CDA1A0D00287219 /* FirebaseAnalytics in Frameworks */,
				540CACF32CDA1A0D00287219 /* FirebaseFirestore in Frameworks */,
				540CAD012CDA1A0D00287219 /* FirebaseMessaging in Frameworks */,
				540CACFD2CDA1A0D00287219 /* FirebaseInstallations in Frameworks */,
				540CACF92CDA1A0D00287219 /* FirebaseFunctionsCombine-Community in Frameworks */,
				540CACE52CDA1A0D00287219 /* FirebaseAppDistribution-Beta in Frameworks */,
				540CACE12CDA1A0D00287219 /* FirebaseAnalyticsWithoutAdIdSupport in Frameworks */,
				540CACFB2CDA1A0D00287219 /* FirebaseInAppMessaging-Beta in Frameworks */,
				540CACE92CDA1A0D00287219 /* FirebaseAuthCombine-Community in Frameworks */,
				540CACED2CDA1A0D00287219 /* FirebaseCrashlytics in Frameworks */,
				540CACFF2CDA1A0D00287219 /* FirebaseMLModelDownloader in Frameworks */,
				540CAD072CDA1A0D00287219 /* FirebaseStorage in Frameworks */,
				540CACEB2CDA1A0D00287219 /* FirebaseCore in Frameworks */,
				540CACDF2CDA1A0D00287219 /* FirebaseAnalyticsOnDeviceConversion in Frameworks */,
			);
			runOnlyForDeploymentPostprocessing = 0;
		};
/* End PBXFrameworksBuildPhase section */

/* Begin PBXGroup section */
		549CEA9D2CD8D14E00854A88 = {
			isa = PBXGroup;
			children = (
				549CEAA82CD8D14E00854A88 /* IncomeExpenseTracker */,
				549CEAA72CD8D14E00854A88 /* Products */,
			);
			sourceTree = "<group>";
		};
		549CEAA72CD8D14E00854A88 /* Products */ = {
			isa = PBXGroup;
			children = (
				549CEAA62CD8D14E00854A88 /* IncomeExpenseTracker.app */,
			);
			name = Products;
			sourceTree = "<group>";
		};
/* End PBXGroup section */

/* Begin PBXNativeTarget section */
		549CEAA52CD8D14E00854A88 /* IncomeExpenseTracker */ = {
			isa = PBXNativeTarget;
			buildConfigurationList = 549CEABC2CD8D14F00854A88 /* Build configuration list for PBXNativeTarget "IncomeExpenseTracker" */;
			buildPhases = (
				549CEAA22CD8D14E00854A88 /* Sources */,
				549CEAA32CD8D14E00854A88 /* Frameworks */,
				549CEAA42CD8D14E00854A88 /* Resources */,
			);
			buildRules = (
			);
			dependencies = (
			);
			fileSystemSynchronizedGroups = (
				549CEAA82CD8D14E00854A88 /* IncomeExpenseTracker */,
			);
			name = IncomeExpenseTracker;
			packageProductDependencies = (
				540CACDC2CDA1A0D00287219 /* FirebaseAnalytics */,
				540CACDE2CDA1A0D00287219 /* FirebaseAnalyticsOnDeviceConversion */,
				540CACE02CDA1A0D00287219 /* FirebaseAnalyticsWithoutAdIdSupport */,
				540CACE22CDA1A0D00287219 /* FirebaseAppCheck */,
				540CACE42CDA1A0D00287219 /* FirebaseAppDistribution-Beta */,
				540CACE62CDA1A0D00287219 /* FirebaseAuth */,
				540CACE82CDA1A0D00287219 /* FirebaseAuthCombine-Community */,
				540CACEA2CDA1A0D00287219 /* FirebaseCore */,
				540CACEC2CDA1A0D00287219 /* FirebaseCrashlytics */,
				540CACEE2CDA1A0D00287219 /* FirebaseDatabase */,
				540CACF02CDA1A0D00287219 /* FirebaseDynamicLinks */,
				540CACF22CDA1A0D00287219 /* FirebaseFirestore */,
				540CACF42CDA1A0D00287219 /* FirebaseFirestoreCombine-Community */,
				540CACF62CDA1A0D00287219 /* FirebaseFunctions */,
				540CACF82CDA1A0D00287219 /* FirebaseFunctionsCombine-Community */,
				540CACFA2CDA1A0D00287219 /* FirebaseInAppMessaging-Beta */,
				540CACFC2CDA1A0D00287219 /* FirebaseInstallations */,
				540CACFE2CDA1A0D00287219 /* FirebaseMLModelDownloader */,
				540CAD002CDA1A0D00287219 /* FirebaseMessaging */,
				540CAD022CDA1A0D00287219 /* FirebasePerformance */,
				540CAD042CDA1A0D00287219 /* FirebaseRemoteConfig */,
				540CAD062CDA1A0D00287219 /* FirebaseStorage */,
				540CAD082CDA1A0D00287219 /* FirebaseStorageCombine-Community */,
				540CAD0A2CDA1A0D00287219 /* FirebaseVertexAI */,
			);
			productName = IncomeExpenseTracker;
			productReference = 549CEAA62CD8D14E00854A88 /* IncomeExpenseTracker.app */;
			productType = "com.apple.product-type.application";
		};
/* End PBXNativeTarget section */

/* Begin PBXProject section */
		549CEA9E2CD8D14E00854A88 /* Project object */ = {
			isa = PBXProject;
			attributes = {
				BuildIndependentTargetsInParallel = 1;
				LastSwiftUpdateCheck = 1600;
				LastUpgradeCheck = 1600;
				TargetAttributes = {
					549CEAA52CD8D14E00854A88 = {
						CreatedOnToolsVersion = 16.0;
					};
				};
			};
			buildConfigurationList = 549CEAA12CD8D14E00854A88 /* Build configuration list for PBXProject "IncomeExpenseTracker" */;
			developmentRegion = en;
			hasScannedForEncodings = 0;
			knownRegions = (
				en,
				Base,
			);
			mainGroup = 549CEA9D2CD8D14E00854A88;
			minimizedProjectReferenceProxies = 1;
			packageReferences = (
				540CACDB2CDA1A0D00287219 /* XCRemoteSwiftPackageReference "firebase-ios-sdk" */,
			);
			preferredProjectObjectVersion = 77;
			productRefGroup = 549CEAA72CD8D14E00854A88 /* Products */;
			projectDirPath = "";
			projectRoot = "";
			targets = (
				549CEAA52CD8D14E00854A88 /* IncomeExpenseTracker */,
			);
		};
/* End PBXProject section */

/* Begin PBXResourcesBuildPhase section */
		549CEAA42CD8D14E00854A88 /* Resources */ = {
			isa = PBXResourcesBuildPhase;
			buildActionMask = 2147483647;
			files = (
			);
			runOnlyForDeploymentPostprocessing = 0;
		};
/* End PBXResourcesBuildPhase section */

/* Begin PBXSourcesBuildPhase section */
		549CEAA22CD8D14E00854A88 /* Sources */ = {
			isa = PBXSourcesBuildPhase;
			buildActionMask = 2147483647;
			files = (
			);
			runOnlyForDeploymentPostprocessing = 0;
		};
/* End PBXSourcesBuildPhase section */

/* Begin XCBuildConfiguration section */
		549CEABD2CD8D14F00854A88 /* Debug */ = {
			isa = XCBuildConfiguration;
			buildSettings = {
				ASSETCATALOG_COMPILER_APPICON_NAME = AppIcon;
				ASSETCATALOG_COMPILER_GLOBAL_ACCENT_COLOR_NAME = AccentColor;
				CODE_SIGN_STYLE = Automatic;
				CURRENT_PROJECT_VERSION = 1;
				DEVELOPMENT_TEAM = 782YR4KUB9;
				GENERATE_INFOPLIST_FILE = YES;
				INFOPLIST_FILE = IncomeExpenseTracker/Info.plist;
				INFOPLIST_KEY_UIApplicationSupportsIndirectInputEvents = YES;
				INFOPLIST_KEY_UILaunchStoryboardName = LaunchScreen;
				INFOPLIST_KEY_UIMainStoryboardFile = Main;
				INFOPLIST_KEY_UISupportedInterfaceOrientations = UIInterfaceOrientationPortrait;
				LD_RUNPATH_SEARCH_PATHS = (
					"$(inherited)",
					"@executable_path/Frameworks",
				);
				MARKETING_VERSION = 1.0;
				PRODUCT_BUNDLE_IDENTIFIER = com.bayramyelec.IncomeExpenseTracker;
				PRODUCT_NAME = "$(TARGET_NAME)";
				SUPPORTED_PLATFORMS = "iphoneos iphonesimulator";
				SUPPORTS_MACCATALYST = NO;
				SUPPORTS_MAC_DESIGNED_FOR_IPHONE_IPAD = NO;
				SUPPORTS_XR_DESIGNED_FOR_IPHONE_IPAD = NO;
				SWIFT_EMIT_LOC_STRINGS = YES;
				SWIFT_VERSION = 5.0;
				TARGETED_DEVICE_FAMILY = "1,2";
			};
			name = Debug;
		};
		549CEABE2CD8D14F00854A88 /* Release */ = {
			isa = XCBuildConfiguration;
			buildSettings = {
				ASSETCATALOG_COMPILER_APPICON_NAME = AppIcon;
				ASSETCATALOG_COMPILER_GLOBAL_ACCENT_COLOR_NAME = AccentColor;
				CODE_SIGN_STYLE = Automatic;
				CURRENT_PROJECT_VERSION = 1;
				DEVELOPMENT_TEAM = 782YR4KUB9;
				GENERATE_INFOPLIST_FILE = YES;
				INFOPLIST_FILE = IncomeExpenseTracker/Info.plist;
				INFOPLIST_KEY_UIApplicationSupportsIndirectInputEvents = YES;
				INFOPLIST_KEY_UILaunchStoryboardName = LaunchScreen;
				INFOPLIST_KEY_UIMainStoryboardFile = Main;
				INFOPLIST_KEY_UISupportedInterfaceOrientations = UIInterfaceOrientationPortrait;
				LD_RUNPATH_SEARCH_PATHS = (
					"$(inherited)",
					"@executable_path/Frameworks",
				);
				MARKETING_VERSION = 1.0;
				PRODUCT_BUNDLE_IDENTIFIER = com.bayramyelec.IncomeExpenseTracker;
				PRODUCT_NAME = "$(TARGET_NAME)";
				SUPPORTED_PLATFORMS = "iphoneos iphonesimulator";
				SUPPORTS_MACCATALYST = NO;
				SUPPORTS_MAC_DESIGNED_FOR_IPHONE_IPAD = NO;
				SUPPORTS_XR_DESIGNED_FOR_IPHONE_IPAD = NO;
				SWIFT_EMIT_LOC_STRINGS = YES;
				SWIFT_VERSION = 5.0;
				TARGETED_DEVICE_FAMILY = "1,2";
			};
			name = Release;
		};
		549CEABF2CD8D14F00854A88 /* Debug */ = {
			isa = XCBuildConfiguration;
			buildSettings = {
				ALWAYS_SEARCH_USER_PATHS = NO;
				ASSETCATALOG_COMPILER_GENERATE_SWIFT_ASSET_SYMBOL_EXTENSIONS = YES;
				CLANG_ANALYZER_NONNULL = YES;
				CLANG_ANALYZER_NUMBER_OBJECT_CONVERSION = YES_AGGRESSIVE;
				CLANG_CXX_LANGUAGE_STANDARD = "gnu++20";
				CLANG_ENABLE_MODULES = YES;
				CLANG_ENABLE_OBJC_ARC = YES;
				CLANG_ENABLE_OBJC_WEAK = YES;
				CLANG_WARN_BLOCK_CAPTURE_AUTORELEASING = YES;
				CLANG_WARN_BOOL_CONVERSION = YES;
				CLANG_WARN_COMMA = YES;
				CLANG_WARN_CONSTANT_CONVERSION = YES;
				CLANG_WARN_DEPRECATED_OBJC_IMPLEMENTATIONS = YES;
				CLANG_WARN_DIRECT_OBJC_ISA_USAGE = YES_ERROR;
				CLANG_WARN_DOCUMENTATION_COMMENTS = YES;
				CLANG_WARN_EMPTY_BODY = YES;
				CLANG_WARN_ENUM_CONVERSION = YES;
				CLANG_WARN_INFINITE_RECURSION = YES;
				CLANG_WARN_INT_CONVERSION = YES;
				CLANG_WARN_NON_LITERAL_NULL_CONVERSION = YES;
				CLANG_WARN_OBJC_IMPLICIT_RETAIN_SELF = YES;
				CLANG_WARN_OBJC_LITERAL_CONVERSION = YES;
				CLANG_WARN_OBJC_ROOT_CLASS = YES_ERROR;
				CLANG_WARN_QUOTED_INCLUDE_IN_FRAMEWORK_HEADER = YES;
				CLANG_WARN_RANGE_LOOP_ANALYSIS = YES;
				CLANG_WARN_STRICT_PROTOTYPES = YES;
				CLANG_WARN_SUSPICIOUS_MOVE = YES;
				CLANG_WARN_UNGUARDED_AVAILABILITY = YES_AGGRESSIVE;
				CLANG_WARN_UNREACHABLE_CODE = YES;
				CLANG_WARN__DUPLICATE_METHOD_MATCH = YES;
				COPY_PHASE_STRIP = NO;
				DEBUG_INFORMATION_FORMAT = dwarf;
				ENABLE_STRICT_OBJC_MSGSEND = YES;
				ENABLE_TESTABILITY = YES;
				ENABLE_USER_SCRIPT_SANDBOXING = YES;
				GCC_C_LANGUAGE_STANDARD = gnu17;
				GCC_DYNAMIC_NO_PIC = NO;
				GCC_NO_COMMON_BLOCKS = YES;
				GCC_OPTIMIZATION_LEVEL = 0;
				GCC_PREPROCESSOR_DEFINITIONS = (
					"DEBUG=1",
					"$(inherited)",
				);
				GCC_WARN_64_TO_32_BIT_CONVERSION = YES;
				GCC_WARN_ABOUT_RETURN_TYPE = YES_ERROR;
				GCC_WARN_UNDECLARED_SELECTOR = YES;
				GCC_WARN_UNINITIALIZED_AUTOS = YES_AGGRESSIVE;
				GCC_WARN_UNUSED_FUNCTION = YES;
				GCC_WARN_UNUSED_VARIABLE = YES;
				IPHONEOS_DEPLOYMENT_TARGET = 18.0;
				LOCALIZATION_PREFERS_STRING_CATALOGS = YES;
				MTL_ENABLE_DEBUG_INFO = INCLUDE_SOURCE;
				MTL_FAST_MATH = YES;
				ONLY_ACTIVE_ARCH = YES;
				SDKROOT = iphoneos;
				SWIFT_ACTIVE_COMPILATION_CONDITIONS = "DEBUG $(inherited)";
				SWIFT_OPTIMIZATION_LEVEL = "-Onone";
			};
			name = Debug;
		};
		549CEAC02CD8D14F00854A88 /* Release */ = {
			isa = XCBuildConfiguration;
			buildSettings = {
				ALWAYS_SEARCH_USER_PATHS = NO;
				ASSETCATALOG_COMPILER_GENERATE_SWIFT_ASSET_SYMBOL_EXTENSIONS = YES;
				CLANG_ANALYZER_NONNULL = YES;
				CLANG_ANALYZER_NUMBER_OBJECT_CONVERSION = YES_AGGRESSIVE;
				CLANG_CXX_LANGUAGE_STANDARD = "gnu++20";
				CLANG_ENABLE_MODULES = YES;
				CLANG_ENABLE_OBJC_ARC = YES;
				CLANG_ENABLE_OBJC_WEAK = YES;
				CLANG_WARN_BLOCK_CAPTURE_AUTORELEASING = YES;
				CLANG_WARN_BOOL_CONVERSION = YES;
				CLANG_WARN_COMMA = YES;
				CLANG_WARN_CONSTANT_CONVERSION = YES;
				CLANG_WARN_DEPRECATED_OBJC_IMPLEMENTATIONS = YES;
				CLANG_WARN_DIRECT_OBJC_ISA_USAGE = YES_ERROR;
				CLANG_WARN_DOCUMENTATION_COMMENTS = YES;
				CLANG_WARN_EMPTY_BODY = YES;
				CLANG_WARN_ENUM_CONVERSION = YES;
				CLANG_WARN_INFINITE_RECURSION = YES;
				CLANG_WARN_INT_CONVERSION = YES;
				CLANG_WARN_NON_LITERAL_NULL_CONVERSION = YES;
				CLANG_WARN_OBJC_IMPLICIT_RETAIN_SELF = YES;
				CLANG_WARN_OBJC_LITERAL_CONVERSION = YES;
				CLANG_WARN_OBJC_ROOT_CLASS = YES_ERROR;
				CLANG_WARN_QUOTED_INCLUDE_IN_FRAMEWORK_HEADER = YES;
				CLANG_WARN_RANGE_LOOP_ANALYSIS = YES;
				CLANG_WARN_STRICT_PROTOTYPES = YES;
				CLANG_WARN_SUSPICIOUS_MOVE = YES;
				CLANG_WARN_UNGUARDED_AVAILABILITY = YES_AGGRESSIVE;
				CLANG_WARN_UNREACHABLE_CODE = YES;
				CLANG_WARN__DUPLICATE_METHOD_MATCH = YES;
				COPY_PHASE_STRIP = NO;
				DEBUG_INFORMATION_FORMAT = "dwarf-with-dsym";
				ENABLE_NS_ASSERTIONS = NO;
				ENABLE_STRICT_OBJC_MSGSEND = YES;
				ENABLE_USER_SCRIPT_SANDBOXING = YES;
				GCC_C_LANGUAGE_STANDARD = gnu17;
				GCC_NO_COMMON_BLOCKS = YES;
				GCC_WARN_64_TO_32_BIT_CONVERSION = YES;
				GCC_WARN_ABOUT_RETURN_TYPE = YES_ERROR;
				GCC_WARN_UNDECLARED_SELECTOR = YES;
				GCC_WARN_UNINITIALIZED_AUTOS = YES_AGGRESSIVE;
				GCC_WARN_UNUSED_FUNCTION = YES;
				GCC_WARN_UNUSED_VARIABLE = YES;
				IPHONEOS_DEPLOYMENT_TARGET = 18.0;
				LOCALIZATION_PREFERS_STRING_CATALOGS = YES;
				MTL_ENABLE_DEBUG_INFO = NO;
				MTL_FAST_MATH = YES;
				SDKROOT = iphoneos;
				SWIFT_COMPILATION_MODE = wholemodule;
				VALIDATE_PRODUCT = YES;
			};
			name = Release;
		};
/* End XCBuildConfiguration section */

/* Begin XCConfigurationList section */
		549CEAA12CD8D14E00854A88 /* Build configuration list for PBXProject "IncomeExpenseTracker" */ = {
			isa = XCConfigurationList;
			buildConfigurations = (
				549CEABF2CD8D14F00854A88 /* Debug */,
				549CEAC02CD8D14F00854A88 /* Release */,
			);
			defaultConfigurationIsVisible = 0;
			defaultConfigurationName = Release;
		};
		549CEABC2CD8D14F00854A88 /* Build configuration list for PBXNativeTarget "IncomeExpenseTracker" */ = {
			isa = XCConfigurationList;
			buildConfigurations = (
				549CEABD2CD8D14F00854A88 /* Debug */,
				549CEABE2CD8D14F00854A88 /* Release */,
			);
			defaultConfigurationIsVisible = 0;
			defaultConfigurationName = Release;
		};
/* End XCConfigurationList section */

/* Begin XCRemoteSwiftPackageReference section */
		540CACDB2CDA1A0D00287219 /* XCRemoteSwiftPackageReference "firebase-ios-sdk" */ = {
			isa = XCRemoteSwiftPackageReference;
			repositoryURL = "https://github.com/firebase/firebase-ios-sdk";
			requirement = {
				kind = upToNextMajorVersion;
				minimumVersion = 11.4.0;
			};
		};
/* End XCRemoteSwiftPackageReference section */

/* Begin XCSwiftPackageProductDependency section */
		540CACDC2CDA1A0D00287219 /* FirebaseAnalytics */ = {
			isa = XCSwiftPackageProductDependency;
			package = 540CACDB2CDA1A0D00287219 /* XCRemoteSwiftPackageReference "firebase-ios-sdk" */;
			productName = FirebaseAnalytics;
		};
		540CACDE2CDA1A0D00287219 /* FirebaseAnalyticsOnDeviceConversion */ = {
			isa = XCSwiftPackageProductDependency;
			package = 540CACDB2CDA1A0D00287219 /* XCRemoteSwiftPackageReference "firebase-ios-sdk" */;
			productName = FirebaseAnalyticsOnDeviceConversion;
		};
		540CACE02CDA1A0D00287219 /* FirebaseAnalyticsWithoutAdIdSupport */ = {
			isa = XCSwiftPackageProductDependency;
			package = 540CACDB2CDA1A0D00287219 /* XCRemoteSwiftPackageReference "firebase-ios-sdk" */;
			productName = FirebaseAnalyticsWithoutAdIdSupport;
		};
		540CACE22CDA1A0D00287219 /* FirebaseAppCheck */ = {
			isa = XCSwiftPackageProductDependency;
			package = 540CACDB2CDA1A0D00287219 /* XCRemoteSwiftPackageReference "firebase-ios-sdk" */;
			productName = FirebaseAppCheck;
		};
		540CACE42CDA1A0D00287219 /* FirebaseAppDistribution-Beta */ = {
			isa = XCSwiftPackageProductDependency;
			package = 540CACDB2CDA1A0D00287219 /* XCRemoteSwiftPackageReference "firebase-ios-sdk" */;
			productName = "FirebaseAppDistribution-Beta";
		};
		540CACE62CDA1A0D00287219 /* FirebaseAuth */ = {
			isa = XCSwiftPackageProductDependency;
			package = 540CACDB2CDA1A0D00287219 /* XCRemoteSwiftPackageReference "firebase-ios-sdk" */;
			productName = FirebaseAuth;
		};
		540CACE82CDA1A0D00287219 /* FirebaseAuthCombine-Community */ = {
			isa = XCSwiftPackageProductDependency;
			package = 540CACDB2CDA1A0D00287219 /* XCRemoteSwiftPackageReference "firebase-ios-sdk" */;
			productName = "FirebaseAuthCombine-Community";
		};
		540CACEA2CDA1A0D00287219 /* FirebaseCore */ = {
			isa = XCSwiftPackageProductDependency;
			package = 540CACDB2CDA1A0D00287219 /* XCRemoteSwiftPackageReference "firebase-ios-sdk" */;
			productName = FirebaseCore;
		};
		540CACEC2CDA1A0D00287219 /* FirebaseCrashlytics */ = {
			isa = XCSwiftPackageProductDependency;
			package = 540CACDB2CDA1A0D00287219 /* XCRemoteSwiftPackageReference "firebase-ios-sdk" */;
			productName = FirebaseCrashlytics;
		};
		540CACEE2CDA1A0D00287219 /* FirebaseDatabase */ = {
			isa = XCSwiftPackageProductDependency;
			package = 540CACDB2CDA1A0D00287219 /* XCRemoteSwiftPackageReference "firebase-ios-sdk" */;
			productName = FirebaseDatabase;
		};
		540CACF02CDA1A0D00287219 /* FirebaseDynamicLinks */ = {
			isa = XCSwiftPackageProductDependency;
			package = 540CACDB2CDA1A0D00287219 /* XCRemoteSwiftPackageReference "firebase-ios-sdk" */;
			productName = FirebaseDynamicLinks;
		};
		540CACF22CDA1A0D00287219 /* FirebaseFirestore */ = {
			isa = XCSwiftPackageProductDependency;
			package = 540CACDB2CDA1A0D00287219 /* XCRemoteSwiftPackageReference "firebase-ios-sdk" */;
			productName = FirebaseFirestore;
		};
		540CACF42CDA1A0D00287219 /* FirebaseFirestoreCombine-Community */ = {
			isa = XCSwiftPackageProductDependency;
			package = 540CACDB2CDA1A0D00287219 /* XCRemoteSwiftPackageReference "firebase-ios-sdk" */;
			productName = "FirebaseFirestoreCombine-Community";
		};
		540CACF62CDA1A0D00287219 /* FirebaseFunctions */ = {
			isa = XCSwiftPackageProductDependency;
			package = 540CACDB2CDA1A0D00287219 /* XCRemoteSwiftPackageReference "firebase-ios-sdk" */;
			productName = FirebaseFunctions;
		};
		540CACF82CDA1A0D00287219 /* FirebaseFunctionsCombine-Community */ = {
			isa = XCSwiftPackageProductDependency;
			package = 540CACDB2CDA1A0D00287219 /* XCRemoteSwiftPackageReference "firebase-ios-sdk" */;
			productName = "FirebaseFunctionsCombine-Community";
		};
		540CACFA2CDA1A0D00287219 /* FirebaseInAppMessaging-Beta */ = {
			isa = XCSwiftPackageProductDependency;
			package = 540CACDB2CDA1A0D00287219 /* XCRemoteSwiftPackageReference "firebase-ios-sdk" */;
			productName = "FirebaseInAppMessaging-Beta";
		};
		540CACFC2CDA1A0D00287219 /* FirebaseInstallations */ = {
			isa = XCSwiftPackageProductDependency;
			package = 540CACDB2CDA1A0D00287219 /* XCRemoteSwiftPackageReference "firebase-ios-sdk" */;
			productName = FirebaseInstallations;
		};
		540CACFE2CDA1A0D00287219 /* FirebaseMLModelDownloader */ = {
			isa = XCSwiftPackageProductDependency;
			package = 540CACDB2CDA1A0D00287219 /* XCRemoteSwiftPackageReference "firebase-ios-sdk" */;
			productName = FirebaseMLModelDownloader;
		};
		540CAD002CDA1A0D00287219 /* FirebaseMessaging */ = {
			isa = XCSwiftPackageProductDependency;
			package = 540CACDB2CDA1A0D00287219 /* XCRemoteSwiftPackageReference "firebase-ios-sdk" */;
			productName = FirebaseMessaging;
		};
		540CAD022CDA1A0D00287219 /* FirebasePerformance */ = {
			isa = XCSwiftPackageProductDependency;
			package = 540CACDB2CDA1A0D00287219 /* XCRemoteSwiftPackageReference "firebase-ios-sdk" */;
			productName = FirebasePerformance;
		};
		540CAD042CDA1A0D00287219 /* FirebaseRemoteConfig */ = {
			isa = XCSwiftPackageProductDependency;
			package = 540CACDB2CDA1A0D00287219 /* XCRemoteSwiftPackageReference "firebase-ios-sdk" */;
			productName = FirebaseRemoteConfig;
		};
		540CAD062CDA1A0D00287219 /* FirebaseStorage */ = {
			isa = XCSwiftPackageProductDependency;
			package = 540CACDB2CDA1A0D00287219 /* XCRemoteSwiftPackageReference "firebase-ios-sdk" */;
			productName = FirebaseStorage;
		};
		540CAD082CDA1A0D00287219 /* FirebaseStorageCombine-Community */ = {
			isa = XCSwiftPackageProductDependency;
			package = 540CACDB2CDA1A0D00287219 /* XCRemoteSwiftPackageReference "firebase-ios-sdk" */;
			productName = "FirebaseStorageCombine-Community";
		};
		540CAD0A2CDA1A0D00287219 /* FirebaseVertexAI */ = {
			isa = XCSwiftPackageProductDependency;
			package = 540CACDB2CDA1A0D00287219 /* XCRemoteSwiftPackageReference "firebase-ios-sdk" */;
			productName = FirebaseVertexAI;
		};
/* End XCSwiftPackageProductDependency section */
	};
	rootObject = 549CEA9E2CD8D14E00854A88 /* Project object */;
}
